
Microsoft Visual Studio Solution File, Format Version 12.00
# Visual Studio Version 17
VisualStudioVersion = 17.1.32407.343
MinimumVisualStudioVersion = 10.0.40219.1
Project("{FAE04EC0-301F-11D3-BF4B-00C04F79EFBC}") = "TitanicApi", "TitanicApi\TitanicApi.csproj", "{337EEF25-CE06-41F5-BE18-C06EE11D09F3}"
EndProject
Project("{FAE04EC0-301F-11D3-BF4B-00C04F79EFBC}") = "TitanicApi.Infrastructure", "TitanicApi.Infrastructure\TitanicApi.Infrastructure.csproj", "{C23F2D7A-9005-46D3-AC9F-2BAA5838EB33}"
EndProject
Project("{FAE04EC0-301F-11D3-BF4B-00C04F79EFBC}") = "TitanicApi.Core", "TitanicApi.Model\TitanicApi.Core.csproj", "{09A0F4BA-58D0-4683-BE0C-80FA1FFDFA8C}"
EndProject
Global
	GlobalSection(SolutionConfigurationPlatforms) = preSolution
		Debug|Any CPU = Debug|Any CPU
		Release|Any CPU = Release|Any CPU
	EndGlobalSection
	GlobalSection(ProjectConfigurationPlatforms) = postSolution
		{337EEF25-CE06-41F5-BE18-C06EE11D09F3}.Debug|Any CPU.ActiveCfg = Debug|Any CPU
		{337EEF25-CE06-41F5-BE18-C06EE11D09F3}.Debug|Any CPU.Build.0 = Debug|Any CPU
		{337EEF25-CE06-41F5-BE18-C06EE11D09F3}.Release|Any CPU.ActiveCfg = Release|Any CPU
		{337EEF25-CE06-41F5-BE18-C06EE11D09F3}.Release|Any CPU.Build.0 = Release|Any CPU
		{C23F2D7A-9005-46D3-AC9F-2BAA5838EB33}.Debug|Any CPU.ActiveCfg = Debug|Any CPU
		{C23F2D7A-9005-46D3-AC9F-2BAA5838EB33}.Debug|Any CPU.Build.0 = Debug|Any CPU
		{C23F2D7A-9005-46D3-AC9F-2BAA5838EB33}.Release|Any CPU.ActiveCfg = Release|Any CPU
		{C23F2D7A-9005-46D3-AC9F-2BAA5838EB33}.Release|Any CPU.Build.0 = Release|Any CPU
		{09A0F4BA-58D0-4683-BE0C-80FA1FFDFA8C}.Debug|Any CPU.ActiveCfg = Debug|Any CPU
		{09A0F4BA-58D0-4683-BE0C-80FA1FFDFA8C}.Debug|Any CPU.Build.0 = Debug|Any CPU
		{09A0F4BA-58D0-4683-BE0C-80FA1FFDFA8C}.Release|Any CPU.ActiveCfg = Release|Any CPU
		{09A0F4BA-58D0-4683-BE0C-80FA1FFDFA8C}.Release|Any CPU.Build.0 = Release|Any CPU
	EndGlobalSection
	GlobalSection(SolutionProperties) = preSolution
		HideSolutionNode = FALSE
	EndGlobalSection
	GlobalSection(ExtensibilityGlobals) = postSolution
		SolutionGuid = {165C1DB3-1829-45A8-9FE6-B2069C2DCBBF}
	EndGlobalSection
EndGlobal
